
Microsoft Visual Studio Solution File, Format Version 12.00
# Visual Studio 15
VisualStudioVersion = 15.0.26124.0
MinimumVisualStudioVersion = 15.0.26124.0
Project("{FAE04EC0-301F-11D3-BF4B-00C04F79EFBC}") = "FactoryLib", "FactoryLib\FactoryLib.csproj", "{4B3BFEAE-7EFC-4D48-8F2E-8B26DE056036}"
EndProject
Project("{FAE04EC0-301F-11D3-BF4B-00C04F79EFBC}") = "FactoryLibTest", "FactoryLibTest\FactoryLibTest.csproj", "{EAD68BD7-314A-4C5F-AA6D-3FF68B52845D}"
EndProject
Project("{FAE04EC0-301F-11D3-BF4B-00C04F79EFBC}") = "DecoratorLib", "DecoratorLib\DecoratorLib.csproj", "{BECCAD3C-A337-4DB7-BAE1-B315C3CA74F3}"
EndProject
Project("{FAE04EC0-301F-11D3-BF4B-00C04F79EFBC}") = "DecoratorLibTest", "DecoratorLibTest\DecoratorLibTest.csproj", "{B8D61D45-2E64-40DE-82FD-C98A8E269834}"
EndProject
Project("{FAE04EC0-301F-11D3-BF4B-00C04F79EFBC}") = "BuilderLib", "BuilderLib\BuilderLib.csproj", "{A5BFA98C-F97D-4086-8C84-2F138CEC2B35}"
EndProject
Project("{FAE04EC0-301F-11D3-BF4B-00C04F79EFBC}") = "BuilderLibTest", "BuilderLibTest\BuilderLibTest.csproj", "{B1D390AF-728D-430E-AB98-5D4B0D9067BF}"
EndProject
Global
	GlobalSection(SolutionConfigurationPlatforms) = preSolution
		Debug|Any CPU = Debug|Any CPU
		Debug|x64 = Debug|x64
		Debug|x86 = Debug|x86
		Release|Any CPU = Release|Any CPU
		Release|x64 = Release|x64
		Release|x86 = Release|x86
	EndGlobalSection
	GlobalSection(SolutionProperties) = preSolution
		HideSolutionNode = FALSE
	EndGlobalSection
	GlobalSection(ProjectConfigurationPlatforms) = postSolution
		{4B3BFEAE-7EFC-4D48-8F2E-8B26DE056036}.Debug|Any CPU.ActiveCfg = Debug|Any CPU
		{4B3BFEAE-7EFC-4D48-8F2E-8B26DE056036}.Debug|Any CPU.Build.0 = Debug|Any CPU
		{4B3BFEAE-7EFC-4D48-8F2E-8B26DE056036}.Debug|x64.ActiveCfg = Debug|Any CPU
		{4B3BFEAE-7EFC-4D48-8F2E-8B26DE056036}.Debug|x64.Build.0 = Debug|Any CPU
		{4B3BFEAE-7EFC-4D48-8F2E-8B26DE056036}.Debug|x86.ActiveCfg = Debug|Any CPU
		{4B3BFEAE-7EFC-4D48-8F2E-8B26DE056036}.Debug|x86.Build.0 = Debug|Any CPU
		{4B3BFEAE-7EFC-4D48-8F2E-8B26DE056036}.Release|Any CPU.ActiveCfg = Release|Any CPU
		{4B3BFEAE-7EFC-4D48-8F2E-8B26DE056036}.Release|Any CPU.Build.0 = Release|Any CPU
		{4B3BFEAE-7EFC-4D48-8F2E-8B26DE056036}.Release|x64.ActiveCfg = Release|Any CPU
		{4B3BFEAE-7EFC-4D48-8F2E-8B26DE056036}.Release|x64.Build.0 = Release|Any CPU
		{4B3BFEAE-7EFC-4D48-8F2E-8B26DE056036}.Release|x86.ActiveCfg = Release|Any CPU
		{4B3BFEAE-7EFC-4D48-8F2E-8B26DE056036}.Release|x86.Build.0 = Release|Any CPU
		{EAD68BD7-314A-4C5F-AA6D-3FF68B52845D}.Debug|Any CPU.ActiveCfg = Debug|Any CPU
		{EAD68BD7-314A-4C5F-AA6D-3FF68B52845D}.Debug|Any CPU.Build.0 = Debug|Any CPU
		{EAD68BD7-314A-4C5F-AA6D-3FF68B52845D}.Debug|x64.ActiveCfg = Debug|Any CPU
		{EAD68BD7-314A-4C5F-AA6D-3FF68B52845D}.Debug|x64.Build.0 = Debug|Any CPU
		{EAD68BD7-314A-4C5F-AA6D-3FF68B52845D}.Debug|x86.ActiveCfg = Debug|Any CPU
		{EAD68BD7-314A-4C5F-AA6D-3FF68B52845D}.Debug|x86.Build.0 = Debug|Any CPU
		{EAD68BD7-314A-4C5F-AA6D-3FF68B52845D}.Release|Any CPU.ActiveCfg = Release|Any CPU
		{EAD68BD7-314A-4C5F-AA6D-3FF68B52845D}.Release|Any CPU.Build.0 = Release|Any CPU
		{EAD68BD7-314A-4C5F-AA6D-3FF68B52845D}.Release|x64.ActiveCfg = Release|Any CPU
		{EAD68BD7-314A-4C5F-AA6D-3FF68B52845D}.Release|x64.Build.0 = Release|Any CPU
		{EAD68BD7-314A-4C5F-AA6D-3FF68B52845D}.Release|x86.ActiveCfg = Release|Any CPU
		{EAD68BD7-314A-4C5F-AA6D-3FF68B52845D}.Release|x86.Build.0 = Release|Any CPU
		{BECCAD3C-A337-4DB7-BAE1-B315C3CA74F3}.Debug|Any CPU.ActiveCfg = Debug|Any CPU
		{BECCAD3C-A337-4DB7-BAE1-B315C3CA74F3}.Debug|Any CPU.Build.0 = Debug|Any CPU
		{BECCAD3C-A337-4DB7-BAE1-B315C3CA74F3}.Debug|x64.ActiveCfg = Debug|Any CPU
		{BECCAD3C-A337-4DB7-BAE1-B315C3CA74F3}.Debug|x64.Build.0 = Debug|Any CPU
		{BECCAD3C-A337-4DB7-BAE1-B315C3CA74F3}.Debug|x86.ActiveCfg = Debug|Any CPU
		{BECCAD3C-A337-4DB7-BAE1-B315C3CA74F3}.Debug|x86.Build.0 = Debug|Any CPU
		{BECCAD3C-A337-4DB7-BAE1-B315C3CA74F3}.Release|Any CPU.ActiveCfg = Release|Any CPU
		{BECCAD3C-A337-4DB7-BAE1-B315C3CA74F3}.Release|Any CPU.Build.0 = Release|Any CPU
		{BECCAD3C-A337-4DB7-BAE1-B315C3CA74F3}.Release|x64.ActiveCfg = Release|Any CPU
		{BECCAD3C-A337-4DB7-BAE1-B315C3CA74F3}.Release|x64.Build.0 = Release|Any CPU
		{BECCAD3C-A337-4DB7-BAE1-B315C3CA74F3}.Release|x86.ActiveCfg = Release|Any CPU
		{BECCAD3C-A337-4DB7-BAE1-B315C3CA74F3}.Release|x86.Build.0 = Release|Any CPU
		{B8D61D45-2E64-40DE-82FD-C98A8E269834}.Debug|Any CPU.ActiveCfg = Debug|Any CPU
		{B8D61D45-2E64-40DE-82FD-C98A8E269834}.Debug|Any CPU.Build.0 = Debug|Any CPU
		{B8D61D45-2E64-40DE-82FD-C98A8E269834}.Debug|x64.ActiveCfg = Debug|Any CPU
		{B8D61D45-2E64-40DE-82FD-C98A8E269834}.Debug|x64.Build.0 = Debug|Any CPU
		{B8D61D45-2E64-40DE-82FD-C98A8E269834}.Debug|x86.ActiveCfg = Debug|Any CPU
		{B8D61D45-2E64-40DE-82FD-C98A8E269834}.Debug|x86.Build.0 = Debug|Any CPU
		{B8D61D45-2E64-40DE-82FD-C98A8E269834}.Release|Any CPU.ActiveCfg = Release|Any CPU
		{B8D61D45-2E64-40DE-82FD-C98A8E269834}.Release|Any CPU.Build.0 = Release|Any CPU
		{B8D61D45-2E64-40DE-82FD-C98A8E269834}.Release|x64.ActiveCfg = Release|Any CPU
		{B8D61D45-2E64-40DE-82FD-C98A8E269834}.Release|x64.Build.0 = Release|Any CPU
		{B8D61D45-2E64-40DE-82FD-C98A8E269834}.Release|x86.ActiveCfg = Release|Any CPU
		{B8D61D45-2E64-40DE-82FD-C98A8E269834}.Release|x86.Build.0 = Release|Any CPU
		{A5BFA98C-F97D-4086-8C84-2F138CEC2B35}.Debug|Any CPU.ActiveCfg = Debug|Any CPU
		{A5BFA98C-F97D-4086-8C84-2F138CEC2B35}.Debug|Any CPU.Build.0 = Debug|Any CPU
		{A5BFA98C-F97D-4086-8C84-2F138CEC2B35}.Debug|x64.ActiveCfg = Debug|Any CPU
		{A5BFA98C-F97D-4086-8C84-2F138CEC2B35}.Debug|x64.Build.0 = Debug|Any CPU
		{A5BFA98C-F97D-4086-8C84-2F138CEC2B35}.Debug|x86.ActiveCfg = Debug|Any CPU
		{A5BFA98C-F97D-4086-8C84-2F138CEC2B35}.Debug|x86.Build.0 = Debug|Any CPU
		{A5BFA98C-F97D-4086-8C84-2F138CEC2B35}.Release|Any CPU.ActiveCfg = Release|Any CPU
		{A5BFA98C-F97D-4086-8C84-2F138CEC2B35}.Release|Any CPU.Build.0 = Release|Any CPU
		{A5BFA98C-F97D-4086-8C84-2F138CEC2B35}.Release|x64.ActiveCfg = Release|Any CPU
		{A5BFA98C-F97D-4086-8C84-2F138CEC2B35}.Release|x64.Build.0 = Release|Any CPU
		{A5BFA98C-F97D-4086-8C84-2F138CEC2B35}.Release|x86.ActiveCfg = Release|Any CPU
		{A5BFA98C-F97D-4086-8C84-2F138CEC2B35}.Release|x86.Build.0 = Release|Any CPU
		{B1D390AF-728D-430E-AB98-5D4B0D9067BF}.Debug|Any CPU.ActiveCfg = Debug|Any CPU
		{B1D390AF-728D-430E-AB98-5D4B0D9067BF}.Debug|Any CPU.Build.0 = Debug|Any CPU
		{B1D390AF-728D-430E-AB98-5D4B0D9067BF}.Debug|x64.ActiveCfg = Debug|Any CPU
		{B1D390AF-728D-430E-AB98-5D4B0D9067BF}.Debug|x64.Build.0 = Debug|Any CPU
		{B1D390AF-728D-430E-AB98-5D4B0D9067BF}.Debug|x86.ActiveCfg = Debug|Any CPU
		{B1D390AF-728D-430E-AB98-5D4B0D9067BF}.Debug|x86.Build.0 = Debug|Any CPU
		{B1D390AF-728D-430E-AB98-5D4B0D9067BF}.Release|Any CPU.ActiveCfg = Release|Any CPU
		{B1D390AF-728D-430E-AB98-5D4B0D9067BF}.Release|Any CPU.Build.0 = Release|Any CPU
		{B1D390AF-728D-430E-AB98-5D4B0D9067BF}.Release|x64.ActiveCfg = Release|Any CPU
		{B1D390AF-728D-430E-AB98-5D4B0D9067BF}.Release|x64.Build.0 = Release|Any CPU
		{B1D390AF-728D-430E-AB98-5D4B0D9067BF}.Release|x86.ActiveCfg = Release|Any CPU
		{B1D390AF-728D-430E-AB98-5D4B0D9067BF}.Release|x86.Build.0 = Release|Any CPU
	EndGlobalSection
EndGlobal
